
Microsoft Visual Studio Solution File, Format Version 12.00
# Visual Studio Version 17
VisualStudioVersion = 17.5.002.0
MinimumVisualStudioVersion = 10.0.40219.1
Project("{9A19103F-16F7-4668-BE54-9A1E7A4F7556}") = "DungeonAdventure", "DungeonAdventure.csproj", "{203447A5-21F8-4456-B3FE-C82EE0162C78}"
EndProject
Global
	GlobalSection(SolutionConfigurationPlatforms) = preSolution
		Debug|Any CPU = Debug|Any CPU
		Release|Any CPU = Release|Any CPU
	EndGlobalSection
	GlobalSection(ProjectConfigurationPlatforms) = postSolution
		{203447A5-21F8-4456-B3FE-C82EE0162C78}.Debug|Any CPU.ActiveCfg = Debug|Any CPU
		{203447A5-21F8-4456-B3FE-C82EE0162C78}.Debug|Any CPU.Build.0 = Debug|Any CPU
		{203447A5-21F8-4456-B3FE-C82EE0162C78}.Release|Any CPU.ActiveCfg = Release|Any CPU
		{203447A5-21F8-4456-B3FE-C82EE0162C78}.Release|Any CPU.Build.0 = Release|Any CPU
	EndGlobalSection
	GlobalSection(SolutionProperties) = preSolution
		HideSolutionNode = FALSE
	EndGlobalSection
	GlobalSection(ExtensibilityGlobals) = postSolution
		SolutionGuid = {FD899600-DD54-435D-9A85-18450DE18257}
	EndGlobalSection
EndGlobal
