
Microsoft Visual Studio Solution File, Format Version 12.00
# Visual Studio Version 17
VisualStudioVersion = 17.5.002.0
MinimumVisualStudioVersion = 10.0.40219.1
Project("{9A19103F-16F7-4668-BE54-9A1E7A4F7556}") = "Constructor", "Constructor.csproj", "{DC570B68-FE5A-4BF6-96FB-BBDFC0711E65}"
EndProject
Global
	GlobalSection(SolutionConfigurationPlatforms) = preSolution
		Debug|Any CPU = Debug|Any CPU
		Release|Any CPU = Release|Any CPU
	EndGlobalSection
	GlobalSection(ProjectConfigurationPlatforms) = postSolution
		{DC570B68-FE5A-4BF6-96FB-BBDFC0711E65}.Debug|Any CPU.ActiveCfg = Debug|Any CPU
		{DC570B68-FE5A-4BF6-96FB-BBDFC0711E65}.Debug|Any CPU.Build.0 = Debug|Any CPU
		{DC570B68-FE5A-4BF6-96FB-BBDFC0711E65}.Release|Any CPU.ActiveCfg = Release|Any CPU
		{DC570B68-FE5A-4BF6-96FB-BBDFC0711E65}.Release|Any CPU.Build.0 = Release|Any CPU
	EndGlobalSection
	GlobalSection(SolutionProperties) = preSolution
		HideSolutionNode = FALSE
	EndGlobalSection
	GlobalSection(ExtensibilityGlobals) = postSolution
		SolutionGuid = {404F376C-CFD6-45DC-86C5-528827D37C5E}
	EndGlobalSection
EndGlobal
