
Microsoft Visual Studio Solution File, Format Version 12.00
# Visual Studio Version 17
VisualStudioVersion = 17.5.002.0
MinimumVisualStudioVersion = 10.0.40219.1
Project("{9A19103F-16F7-4668-BE54-9A1E7A4F7556}") = "Homework-6", "Homework-6.csproj", "{31BF9C32-0290-43C6-9ED9-30D1F71C5F73}"
EndProject
Global
	GlobalSection(SolutionConfigurationPlatforms) = preSolution
		Debug|Any CPU = Debug|Any CPU
		Release|Any CPU = Release|Any CPU
	EndGlobalSection
	GlobalSection(ProjectConfigurationPlatforms) = postSolution
		{31BF9C32-0290-43C6-9ED9-30D1F71C5F73}.Debug|Any CPU.ActiveCfg = Debug|Any CPU
		{31BF9C32-0290-43C6-9ED9-30D1F71C5F73}.Debug|Any CPU.Build.0 = Debug|Any CPU
		{31BF9C32-0290-43C6-9ED9-30D1F71C5F73}.Release|Any CPU.ActiveCfg = Release|Any CPU
		{31BF9C32-0290-43C6-9ED9-30D1F71C5F73}.Release|Any CPU.Build.0 = Release|Any CPU
	EndGlobalSection
	GlobalSection(SolutionProperties) = preSolution
		HideSolutionNode = FALSE
	EndGlobalSection
	GlobalSection(ExtensibilityGlobals) = postSolution
		SolutionGuid = {01FD2174-53E9-42BD-96CB-292E5EEE987F}
	EndGlobalSection
EndGlobal
