
Microsoft Visual Studio Solution File, Format Version 12.00
# Visual Studio Version 17
VisualStudioVersion = 17.5.002.0
MinimumVisualStudioVersion = 10.0.40219.1
Project("{9A19103F-16F7-4668-BE54-9A1E7A4F7556}") = "IdentityApiExample", "IdentityApiExample.csproj", "{FD873EA4-0449-47DB-ADBD-C6E8CA9039AB}"
EndProject
Global
	GlobalSection(SolutionConfigurationPlatforms) = preSolution
		Debug|Any CPU = Debug|Any CPU
		Release|Any CPU = Release|Any CPU
	EndGlobalSection
	GlobalSection(ProjectConfigurationPlatforms) = postSolution
		{FD873EA4-0449-47DB-ADBD-C6E8CA9039AB}.Debug|Any CPU.ActiveCfg = Debug|Any CPU
		{FD873EA4-0449-47DB-ADBD-C6E8CA9039AB}.Debug|Any CPU.Build.0 = Debug|Any CPU
		{FD873EA4-0449-47DB-ADBD-C6E8CA9039AB}.Release|Any CPU.ActiveCfg = Release|Any CPU
		{FD873EA4-0449-47DB-ADBD-C6E8CA9039AB}.Release|Any CPU.Build.0 = Release|Any CPU
	EndGlobalSection
	GlobalSection(SolutionProperties) = preSolution
		HideSolutionNode = FALSE
	EndGlobalSection
	GlobalSection(ExtensibilityGlobals) = postSolution
		SolutionGuid = {E5520E1E-12AD-4FFE-934A-47401B3FB011}
	EndGlobalSection
EndGlobal
