
Microsoft Visual Studio Solution File, Format Version 12.00
# Visual Studio Version 17
VisualStudioVersion = 17.5.002.0
MinimumVisualStudioVersion = 10.0.40219.1
Project("{9A19103F-16F7-4668-BE54-9A1E7A4F7556}") = "ToDoWeb", "ToDoWeb\ToDoWeb.csproj", "{F8B20824-B959-4E9A-ADEE-C5148A571892}"
EndProject
Global
	GlobalSection(SolutionConfigurationPlatforms) = preSolution
		Debug|Any CPU = Debug|Any CPU
		Release|Any CPU = Release|Any CPU
	EndGlobalSection
	GlobalSection(ProjectConfigurationPlatforms) = postSolution
		{F8B20824-B959-4E9A-ADEE-C5148A571892}.Debug|Any CPU.ActiveCfg = Debug|Any CPU
		{F8B20824-B959-4E9A-ADEE-C5148A571892}.Debug|Any CPU.Build.0 = Debug|Any CPU
		{F8B20824-B959-4E9A-ADEE-C5148A571892}.Release|Any CPU.ActiveCfg = Release|Any CPU
		{F8B20824-B959-4E9A-ADEE-C5148A571892}.Release|Any CPU.Build.0 = Release|Any CPU
	EndGlobalSection
	GlobalSection(SolutionProperties) = preSolution
		HideSolutionNode = FALSE
	EndGlobalSection
	GlobalSection(ExtensibilityGlobals) = postSolution
		SolutionGuid = {7656AB2A-060C-415B-8248-713B9FAE9234}
	EndGlobalSection
EndGlobal
